
Microsoft Visual Studio Solution File, Format Version 12.00
# Visual Studio Version 17
VisualStudioVersion = 17.13.35825.156 d17.13
MinimumVisualStudioVersion = 10.0.40219.1
Project("{FAE04EC0-301F-11D3-BF4B-00C04F79EFBC}") = "WinFormsApp11", "WinFormsApp11\WinFormsApp11.csproj", "{1E77FDE3-FEDE-4FBB-A41C-CF6BA8AFB79B}"
EndProject
Global
	GlobalSection(SolutionConfigurationPlatforms) = preSolution
		Debug|Any CPU = Debug|Any CPU
		Release|Any CPU = Release|Any CPU
	EndGlobalSection
	GlobalSection(ProjectConfigurationPlatforms) = postSolution
		{1E77FDE3-FEDE-4FBB-A41C-CF6BA8AFB79B}.Debug|Any CPU.ActiveCfg = Debug|Any CPU
		{1E77FDE3-FEDE-4FBB-A41C-CF6BA8AFB79B}.Debug|Any CPU.Build.0 = Debug|Any CPU
		{1E77FDE3-FEDE-4FBB-A41C-CF6BA8AFB79B}.Release|Any CPU.ActiveCfg = Release|Any CPU
		{1E77FDE3-FEDE-4FBB-A41C-CF6BA8AFB79B}.Release|Any CPU.Build.0 = Release|Any CPU
	EndGlobalSection
	GlobalSection(SolutionProperties) = preSolution
		HideSolutionNode = FALSE
	EndGlobalSection
	GlobalSection(ExtensibilityGlobals) = postSolution
		SolutionGuid = {7BA59A7F-E4BA-41A7-A671-0D1DE45E31A0}
	EndGlobalSection
EndGlobal
